
Microsoft Visual Studio Solution File, Format Version 10.00
# Visual Studio 2008
Project("{FAE04EC0-301F-11D3-BF4B-00C04F79EFBC}") = "GitTutorial", "GitTutorial.csproj", "{42A4FA0F-E70C-4926-A6C5-161C0C2B4F02}"
EndProject
Global
	GlobalSection(SolutionConfigurationPlatforms) = preSolution
		Debug|Any CPU = Debug|Any CPU
		Release|Any CPU = Release|Any CPU
	EndGlobalSection
	GlobalSection(ProjectConfigurationPlatforms) = postSolution
		{42A4FA0F-E70C-4926-A6C5-161C0C2B4F02}.Debug|Any CPU.ActiveCfg = Debug|Any CPU
		{42A4FA0F-E70C-4926-A6C5-161C0C2B4F02}.Debug|Any CPU.Build.0 = Debug|Any CPU
		{42A4FA0F-E70C-4926-A6C5-161C0C2B4F02}.Release|Any CPU.ActiveCfg = Release|Any CPU
		{42A4FA0F-E70C-4926-A6C5-161C0C2B4F02}.Release|Any CPU.Build.0 = Release|Any CPU
	EndGlobalSection
	GlobalSection(SolutionProperties) = preSolution
		HideSolutionNode = FALSE
	EndGlobalSection
EndGlobal
